
Microsoft Visual Studio Solution File, Format Version 12.00
# Visual Studio Version 17
VisualStudioVersion = 17.0.31903.59
MinimumVisualStudioVersion = 10.0.40219.1
Project("{FAE04EC0-301F-11D3-BF4B-00C04F79EFBC}") = "CustomStateMachineDemo", "CustomStateMachineDemo\CustomStateMachineDemo.csproj", "{5493FE0B-2A43-4912-AD23-6F148944855D}"
EndProject
Project("{FAE04EC0-301F-11D3-BF4B-00C04F79EFBC}") = "StatelessStateMachineDemo", "StatelessStateMachineDemo\StatelessStateMachineDemo.csproj", "{DE0584F5-E8DF-4A28-8598-FC35299967D6}"
EndProject
Global
	GlobalSection(SolutionConfigurationPlatforms) = preSolution
		Debug|Any CPU = Debug|Any CPU
		Debug|x64 = Debug|x64
		Debug|x86 = Debug|x86
		Release|Any CPU = Release|Any CPU
		Release|x64 = Release|x64
		Release|x86 = Release|x86
	EndGlobalSection
	GlobalSection(ProjectConfigurationPlatforms) = postSolution
		{5493FE0B-2A43-4912-AD23-6F148944855D}.Debug|Any CPU.ActiveCfg = Debug|Any CPU
		{5493FE0B-2A43-4912-AD23-6F148944855D}.Debug|Any CPU.Build.0 = Debug|Any CPU
		{5493FE0B-2A43-4912-AD23-6F148944855D}.Debug|x64.ActiveCfg = Debug|Any CPU
		{5493FE0B-2A43-4912-AD23-6F148944855D}.Debug|x64.Build.0 = Debug|Any CPU
		{5493FE0B-2A43-4912-AD23-6F148944855D}.Debug|x86.ActiveCfg = Debug|Any CPU
		{5493FE0B-2A43-4912-AD23-6F148944855D}.Debug|x86.Build.0 = Debug|Any CPU
		{5493FE0B-2A43-4912-AD23-6F148944855D}.Release|Any CPU.ActiveCfg = Release|Any CPU
		{5493FE0B-2A43-4912-AD23-6F148944855D}.Release|Any CPU.Build.0 = Release|Any CPU
		{5493FE0B-2A43-4912-AD23-6F148944855D}.Release|x64.ActiveCfg = Release|Any CPU
		{5493FE0B-2A43-4912-AD23-6F148944855D}.Release|x64.Build.0 = Release|Any CPU
		{5493FE0B-2A43-4912-AD23-6F148944855D}.Release|x86.ActiveCfg = Release|Any CPU
		{5493FE0B-2A43-4912-AD23-6F148944855D}.Release|x86.Build.0 = Release|Any CPU
		{DE0584F5-E8DF-4A28-8598-FC35299967D6}.Debug|Any CPU.ActiveCfg = Debug|Any CPU
		{DE0584F5-E8DF-4A28-8598-FC35299967D6}.Debug|Any CPU.Build.0 = Debug|Any CPU
		{DE0584F5-E8DF-4A28-8598-FC35299967D6}.Debug|x64.ActiveCfg = Debug|Any CPU
		{DE0584F5-E8DF-4A28-8598-FC35299967D6}.Debug|x64.Build.0 = Debug|Any CPU
		{DE0584F5-E8DF-4A28-8598-FC35299967D6}.Debug|x86.ActiveCfg = Debug|Any CPU
		{DE0584F5-E8DF-4A28-8598-FC35299967D6}.Debug|x86.Build.0 = Debug|Any CPU
		{DE0584F5-E8DF-4A28-8598-FC35299967D6}.Release|Any CPU.ActiveCfg = Release|Any CPU
		{DE0584F5-E8DF-4A28-8598-FC35299967D6}.Release|Any CPU.Build.0 = Release|Any CPU
		{DE0584F5-E8DF-4A28-8598-FC35299967D6}.Release|x64.ActiveCfg = Release|Any CPU
		{DE0584F5-E8DF-4A28-8598-FC35299967D6}.Release|x64.Build.0 = Release|Any CPU
		{DE0584F5-E8DF-4A28-8598-FC35299967D6}.Release|x86.ActiveCfg = Release|Any CPU
		{DE0584F5-E8DF-4A28-8598-FC35299967D6}.Release|x86.Build.0 = Release|Any CPU
	EndGlobalSection
	GlobalSection(SolutionProperties) = preSolution
		HideSolutionNode = FALSE
	EndGlobalSection
EndGlobal
