
Microsoft Visual Studio Solution File, Format Version 12.00
# Visual Studio Version 16
VisualStudioVersion = 16.0.30804.86
MinimumVisualStudioVersion = 10.0.40219.1
Project("{FAE04EC0-301F-11D3-BF4B-00C04F79EFBC}") = "WpfApp", "WpfApp\WpfApp.csproj", "{B5226264-27FB-4018-9FC2-F6FC5E4EE2D1}"
EndProject
Global
	GlobalSection(SolutionConfigurationPlatforms) = preSolution
		Debug|Any CPU = Debug|Any CPU
		Release|Any CPU = Release|Any CPU
	EndGlobalSection
	GlobalSection(ProjectConfigurationPlatforms) = postSolution
		{B5226264-27FB-4018-9FC2-F6FC5E4EE2D1}.Debug|Any CPU.ActiveCfg = Debug|Any CPU
		{B5226264-27FB-4018-9FC2-F6FC5E4EE2D1}.Debug|Any CPU.Build.0 = Debug|Any CPU
		{B5226264-27FB-4018-9FC2-F6FC5E4EE2D1}.Release|Any CPU.ActiveCfg = Release|Any CPU
		{B5226264-27FB-4018-9FC2-F6FC5E4EE2D1}.Release|Any CPU.Build.0 = Release|Any CPU
	EndGlobalSection
	GlobalSection(SolutionProperties) = preSolution
		HideSolutionNode = FALSE
	EndGlobalSection
	GlobalSection(ExtensibilityGlobals) = postSolution
		SolutionGuid = {05FA8FDC-5531-48B4-AFAB-49F2645D31A4}
	EndGlobalSection
EndGlobal
