Microsoft Visual Studio Solution File, Format Version 12.00
# Visual Studio Version 17
VisualStudioVersion = 17.5.2.0
MinimumVisualStudioVersion = 10.0.40219.1
Project("{FAE04EC0-301F-11D3-BF4B-00C04F79EFBC}") = "ThreeQuestion", "ThreeQuestion.csproj", "{AAC60064-A556-2E67-4D31-80B6449039DF}"
EndProject
Global
	GlobalSection(SolutionConfigurationPlatforms) = preSolution
		Debug|Any CPU = Debug|Any CPU
		Release|Any CPU = Release|Any CPU
	EndGlobalSection
	GlobalSection(ProjectConfigurationPlatforms) = postSolution
		{AAC60064-A556-2E67-4D31-80B6449039DF}.Debug|Any CPU.ActiveCfg = Debug|Any CPU
		{AAC60064-A556-2E67-4D31-80B6449039DF}.Debug|Any CPU.Build.0 = Debug|Any CPU
		{AAC60064-A556-2E67-4D31-80B6449039DF}.Release|Any CPU.ActiveCfg = Release|Any CPU
		{AAC60064-A556-2E67-4D31-80B6449039DF}.Release|Any CPU.Build.0 = Release|Any CPU
	EndGlobalSection
	GlobalSection(SolutionProperties) = preSolution
		HideSolutionNode = FALSE
	EndGlobalSection
	GlobalSection(ExtensibilityGlobals) = postSolution
		SolutionGuid = {F311FD50-DC4E-4086-9C95-1A9F9D3ED91E}
	EndGlobalSection
EndGlobal
