
Microsoft Visual Studio Solution File, Format Version 12.00
# Visual Studio 2012
Project("{FAE04EC0-301F-11D3-BF4B-00C04F79EFBC}") = "AutofacDemo", "AutofacDemo\AutofacDemo.csproj", "{ABFB664A-D279-4BDA-A884-739DEC1AC0B3}"
EndProject
Project("{FAE04EC0-301F-11D3-BF4B-00C04F79EFBC}") = "FakeAutofac", "FakeAutofac\FakeAutofac.csproj", "{2776F4FA-23F6-4770-B657-D0709CD8BE3B}"
EndProject
Global
	GlobalSection(SolutionConfigurationPlatforms) = preSolution
		Debug|Any CPU = Debug|Any CPU
		Release|Any CPU = Release|Any CPU
	EndGlobalSection
	GlobalSection(ProjectConfigurationPlatforms) = postSolution
		{ABFB664A-D279-4BDA-A884-739DEC1AC0B3}.Debug|Any CPU.ActiveCfg = Debug|Any CPU
		{ABFB664A-D279-4BDA-A884-739DEC1AC0B3}.Debug|Any CPU.Build.0 = Debug|Any CPU
		{ABFB664A-D279-4BDA-A884-739DEC1AC0B3}.Release|Any CPU.ActiveCfg = Release|Any CPU
		{ABFB664A-D279-4BDA-A884-739DEC1AC0B3}.Release|Any CPU.Build.0 = Release|Any CPU
		{2776F4FA-23F6-4770-B657-D0709CD8BE3B}.Debug|Any CPU.ActiveCfg = Debug|Any CPU
		{2776F4FA-23F6-4770-B657-D0709CD8BE3B}.Debug|Any CPU.Build.0 = Debug|Any CPU
		{2776F4FA-23F6-4770-B657-D0709CD8BE3B}.Release|Any CPU.ActiveCfg = Release|Any CPU
		{2776F4FA-23F6-4770-B657-D0709CD8BE3B}.Release|Any CPU.Build.0 = Release|Any CPU
	EndGlobalSection
	GlobalSection(SolutionProperties) = preSolution
		HideSolutionNode = FALSE
	EndGlobalSection
EndGlobal
