
Microsoft Visual Studio Solution File, Format Version 12.00
# Visual Studio Version 17
VisualStudioVersion = 17.12.35707.178
MinimumVisualStudioVersion = 10.0.40219.1
Project("{FAE04EC0-301F-11D3-BF4B-00C04F79EFBC}") = "QuartzTest", "..\..\..\开源代码\Quartz-main\Quartz-main\QuartzTest\QuartzTest\QuartzTest.csproj", "{7C28E614-4BDF-41AA-A521-6FAE7FCEF53E}"
EndProject
Global
	GlobalSection(SolutionConfigurationPlatforms) = preSolution
		Debug|Any CPU = Debug|Any CPU
		Release|Any CPU = Release|Any CPU
	EndGlobalSection
	GlobalSection(ProjectConfigurationPlatforms) = postSolution
		{7C28E614-4BDF-41AA-A521-6FAE7FCEF53E}.Debug|Any CPU.ActiveCfg = Debug|Any CPU
		{7C28E614-4BDF-41AA-A521-6FAE7FCEF53E}.Debug|Any CPU.Build.0 = Debug|Any CPU
		{7C28E614-4BDF-41AA-A521-6FAE7FCEF53E}.Release|Any CPU.ActiveCfg = Release|Any CPU
		{7C28E614-4BDF-41AA-A521-6FAE7FCEF53E}.Release|Any CPU.Build.0 = Release|Any CPU
	EndGlobalSection
	GlobalSection(SolutionProperties) = preSolution
		HideSolutionNode = FALSE
	EndGlobalSection
EndGlobal
