
Microsoft Visual Studio Solution File, Format Version 12.00
# Visual Studio Version 17
VisualStudioVersion = 17.12.35728.132 d17.12
MinimumVisualStudioVersion = 10.0.40219.1
Project("{FAE04EC0-301F-11D3-BF4B-00C04F79EFBC}") = "WinFormsApp2", "WinFormsApp2\WinFormsApp2.csproj", "{ADC01C4B-D0DF-4A49-BB48-A145C402F517}"
EndProject
Global
	GlobalSection(SolutionConfigurationPlatforms) = preSolution
		Debug|Any CPU = Debug|Any CPU
		Release|Any CPU = Release|Any CPU
	EndGlobalSection
	GlobalSection(ProjectConfigurationPlatforms) = postSolution
		{ADC01C4B-D0DF-4A49-BB48-A145C402F517}.Debug|Any CPU.ActiveCfg = Debug|Any CPU
		{ADC01C4B-D0DF-4A49-BB48-A145C402F517}.Debug|Any CPU.Build.0 = Debug|Any CPU
		{ADC01C4B-D0DF-4A49-BB48-A145C402F517}.Release|Any CPU.ActiveCfg = Release|Any CPU
		{ADC01C4B-D0DF-4A49-BB48-A145C402F517}.Release|Any CPU.Build.0 = Release|Any CPU
	EndGlobalSection
	GlobalSection(SolutionProperties) = preSolution
		HideSolutionNode = FALSE
	EndGlobalSection
EndGlobal
