
Microsoft Visual Studio Solution File, Format Version 12.00
# Visual Studio Version 17
VisualStudioVersion = 17.8.34511.84
MinimumVisualStudioVersion = 10.0.40219.1
Project("{FAE04EC0-301F-11D3-BF4B-00C04F79EFBC}") = "TestDump", "TestDump.csproj", "{010DFE7F-69AE-47D7-844C-C8A0647B6F92}"
EndProject
Global
	GlobalSection(SolutionConfigurationPlatforms) = preSolution
		Debug|Any CPU = Debug|Any CPU
		Release|Any CPU = Release|Any CPU
	EndGlobalSection
	GlobalSection(ProjectConfigurationPlatforms) = postSolution
		{010DFE7F-69AE-47D7-844C-C8A0647B6F92}.Debug|Any CPU.ActiveCfg = Debug|Any CPU
		{010DFE7F-69AE-47D7-844C-C8A0647B6F92}.Debug|Any CPU.Build.0 = Debug|Any CPU
		{010DFE7F-69AE-47D7-844C-C8A0647B6F92}.Release|Any CPU.ActiveCfg = Release|Any CPU
		{010DFE7F-69AE-47D7-844C-C8A0647B6F92}.Release|Any CPU.Build.0 = Release|Any CPU
	EndGlobalSection
	GlobalSection(SolutionProperties) = preSolution
		HideSolutionNode = FALSE
	EndGlobalSection
	GlobalSection(ExtensibilityGlobals) = postSolution
		SolutionGuid = {A3DE9AF4-1810-4291-83DD-3BF1F8E91FC5}
	EndGlobalSection
EndGlobal
